
Microsoft Visual Studio Solution File, Format Version 12.00
Project("{FAE04EC0-301F-11D3-BF4B-00C04F79EFBC}") = "Aufgabe_01", "Aufgabe_01\Aufgabe_01.csproj", "{1647296A-54F1-4E69-9AEF-1A5256860037}"
EndProject
Project("{FAE04EC0-301F-11D3-BF4B-00C04F79EFBC}") = "Aufgabe_02", "Aufgabe_02\Aufgabe_02.csproj", "{4B0AC6EC-C9F9-477E-A6B8-ABE6ECFC4B04}"
EndProject
Project("{FAE04EC0-301F-11D3-BF4B-00C04F79EFBC}") = "Aufgabe_03", "Aufgabe_03\Aufgabe_03.csproj", "{CD662DBE-8601-41E6-94CA-4E2BE38C4754}"
EndProject
Project("{FAE04EC0-301F-11D3-BF4B-00C04F79EFBC}") = "Aufgabe_04", "Aufgabe_04\Aufgabe_04.csproj", "{34199F2C-48F5-434B-A6D6-639202F55B25}"
EndProject
Project("{FAE04EC0-301F-11D3-BF4B-00C04F79EFBC}") = "Aufgabe_05", "Aufgabe_05\Aufgabe_05.csproj", "{21E4F58C-4624-488A-8B9B-52369AFB5E65}"
EndProject
Project("{FAE04EC0-301F-11D3-BF4B-00C04F79EFBC}") = "Aufgabe_06", "Aufgabe_06\Aufgabe_06.csproj", "{5C66A0BC-1118-4CD2-8855-B8EFBFB94C0E}"
EndProject
Project("{FAE04EC0-301F-11D3-BF4B-00C04F79EFBC}") = "Aufgabe_07", "Aufgabe_07\Aufgabe_07.csproj", "{EDE80ACC-0DC0-45AB-9E23-B11CDE76B7E7}"
EndProject
Project("{FAE04EC0-301F-11D3-BF4B-00C04F79EFBC}") = "Aufgabe_08", "Aufgabe_08\Aufgabe_08.csproj", "{2A24DEC2-A59C-4EFF-9C38-51792AE74918}"
EndProject
Project("{FAE04EC0-301F-11D3-BF4B-00C04F79EFBC}") = "Aufgabe_09", "Aufgabe_09\Aufgabe_09.csproj", "{79527C15-05F3-444D-BBE0-246CD22FA602}"
EndProject
Project("{FAE04EC0-301F-11D3-BF4B-00C04F79EFBC}") = "Aufgabe_10", "Aufgabe_10\Aufgabe_10.csproj", "{FCF4F4FC-8D77-4CFC-A575-BBB6471AE8D4}"
EndProject
Project("{FAE04EC0-301F-11D3-BF4B-00C04F79EFBC}") = "Aufgabe_11", "Aufgabe_11\Aufgabe_11.csproj", "{A81B445E-A07A-4E10-87BA-2DD2B7B01B72}"
EndProject
Project("{FAE04EC0-301F-11D3-BF4B-00C04F79EFBC}") = "Aufgabe_12", "Aufgabe_12\Aufgabe_12.csproj", "{58C8D71F-09BC-4B79-A9EB-21CFC9D4BF9B}"
EndProject
Global
	GlobalSection(SolutionConfigurationPlatforms) = preSolution
		Debug|Any CPU = Debug|Any CPU
		Release|Any CPU = Release|Any CPU
	EndGlobalSection
	GlobalSection(ProjectConfigurationPlatforms) = postSolution
		{1647296A-54F1-4E69-9AEF-1A5256860037}.Debug|Any CPU.ActiveCfg = Debug|Any CPU
		{1647296A-54F1-4E69-9AEF-1A5256860037}.Debug|Any CPU.Build.0 = Debug|Any CPU
		{1647296A-54F1-4E69-9AEF-1A5256860037}.Release|Any CPU.ActiveCfg = Release|Any CPU
		{1647296A-54F1-4E69-9AEF-1A5256860037}.Release|Any CPU.Build.0 = Release|Any CPU
		{4B0AC6EC-C9F9-477E-A6B8-ABE6ECFC4B04}.Debug|Any CPU.ActiveCfg = Debug|Any CPU
		{4B0AC6EC-C9F9-477E-A6B8-ABE6ECFC4B04}.Debug|Any CPU.Build.0 = Debug|Any CPU
		{4B0AC6EC-C9F9-477E-A6B8-ABE6ECFC4B04}.Release|Any CPU.ActiveCfg = Release|Any CPU
		{4B0AC6EC-C9F9-477E-A6B8-ABE6ECFC4B04}.Release|Any CPU.Build.0 = Release|Any CPU
		{CD662DBE-8601-41E6-94CA-4E2BE38C4754}.Debug|Any CPU.ActiveCfg = Debug|Any CPU
		{CD662DBE-8601-41E6-94CA-4E2BE38C4754}.Debug|Any CPU.Build.0 = Debug|Any CPU
		{CD662DBE-8601-41E6-94CA-4E2BE38C4754}.Release|Any CPU.ActiveCfg = Release|Any CPU
		{CD662DBE-8601-41E6-94CA-4E2BE38C4754}.Release|Any CPU.Build.0 = Release|Any CPU
		{34199F2C-48F5-434B-A6D6-639202F55B25}.Debug|Any CPU.ActiveCfg = Debug|Any CPU
		{34199F2C-48F5-434B-A6D6-639202F55B25}.Debug|Any CPU.Build.0 = Debug|Any CPU
		{34199F2C-48F5-434B-A6D6-639202F55B25}.Release|Any CPU.ActiveCfg = Release|Any CPU
		{34199F2C-48F5-434B-A6D6-639202F55B25}.Release|Any CPU.Build.0 = Release|Any CPU
		{21E4F58C-4624-488A-8B9B-52369AFB5E65}.Debug|Any CPU.ActiveCfg = Debug|Any CPU
		{21E4F58C-4624-488A-8B9B-52369AFB5E65}.Debug|Any CPU.Build.0 = Debug|Any CPU
		{21E4F58C-4624-488A-8B9B-52369AFB5E65}.Release|Any CPU.ActiveCfg = Release|Any CPU
		{21E4F58C-4624-488A-8B9B-52369AFB5E65}.Release|Any CPU.Build.0 = Release|Any CPU
		{5C66A0BC-1118-4CD2-8855-B8EFBFB94C0E}.Debug|Any CPU.ActiveCfg = Debug|Any CPU
		{5C66A0BC-1118-4CD2-8855-B8EFBFB94C0E}.Debug|Any CPU.Build.0 = Debug|Any CPU
		{5C66A0BC-1118-4CD2-8855-B8EFBFB94C0E}.Release|Any CPU.ActiveCfg = Release|Any CPU
		{5C66A0BC-1118-4CD2-8855-B8EFBFB94C0E}.Release|Any CPU.Build.0 = Release|Any CPU
		{EDE80ACC-0DC0-45AB-9E23-B11CDE76B7E7}.Debug|Any CPU.ActiveCfg = Debug|Any CPU
		{EDE80ACC-0DC0-45AB-9E23-B11CDE76B7E7}.Debug|Any CPU.Build.0 = Debug|Any CPU
		{EDE80ACC-0DC0-45AB-9E23-B11CDE76B7E7}.Release|Any CPU.ActiveCfg = Release|Any CPU
		{EDE80ACC-0DC0-45AB-9E23-B11CDE76B7E7}.Release|Any CPU.Build.0 = Release|Any CPU
		{2A24DEC2-A59C-4EFF-9C38-51792AE74918}.Debug|Any CPU.ActiveCfg = Debug|Any CPU
		{2A24DEC2-A59C-4EFF-9C38-51792AE74918}.Debug|Any CPU.Build.0 = Debug|Any CPU
		{2A24DEC2-A59C-4EFF-9C38-51792AE74918}.Release|Any CPU.ActiveCfg = Release|Any CPU
		{2A24DEC2-A59C-4EFF-9C38-51792AE74918}.Release|Any CPU.Build.0 = Release|Any CPU
		{79527C15-05F3-444D-BBE0-246CD22FA602}.Debug|Any CPU.ActiveCfg = Debug|Any CPU
		{79527C15-05F3-444D-BBE0-246CD22FA602}.Debug|Any CPU.Build.0 = Debug|Any CPU
		{79527C15-05F3-444D-BBE0-246CD22FA602}.Release|Any CPU.ActiveCfg = Release|Any CPU
		{79527C15-05F3-444D-BBE0-246CD22FA602}.Release|Any CPU.Build.0 = Release|Any CPU
		{FCF4F4FC-8D77-4CFC-A575-BBB6471AE8D4}.Debug|Any CPU.ActiveCfg = Debug|Any CPU
		{FCF4F4FC-8D77-4CFC-A575-BBB6471AE8D4}.Debug|Any CPU.Build.0 = Debug|Any CPU
		{FCF4F4FC-8D77-4CFC-A575-BBB6471AE8D4}.Release|Any CPU.ActiveCfg = Release|Any CPU
		{FCF4F4FC-8D77-4CFC-A575-BBB6471AE8D4}.Release|Any CPU.Build.0 = Release|Any CPU
		{A81B445E-A07A-4E10-87BA-2DD2B7B01B72}.Debug|Any CPU.ActiveCfg = Debug|Any CPU
		{A81B445E-A07A-4E10-87BA-2DD2B7B01B72}.Debug|Any CPU.Build.0 = Debug|Any CPU
		{A81B445E-A07A-4E10-87BA-2DD2B7B01B72}.Release|Any CPU.ActiveCfg = Release|Any CPU
		{A81B445E-A07A-4E10-87BA-2DD2B7B01B72}.Release|Any CPU.Build.0 = Release|Any CPU
		{58C8D71F-09BC-4B79-A9EB-21CFC9D4BF9B}.Debug|Any CPU.ActiveCfg = Debug|Any CPU
		{58C8D71F-09BC-4B79-A9EB-21CFC9D4BF9B}.Debug|Any CPU.Build.0 = Debug|Any CPU
		{58C8D71F-09BC-4B79-A9EB-21CFC9D4BF9B}.Release|Any CPU.ActiveCfg = Release|Any CPU
		{58C8D71F-09BC-4B79-A9EB-21CFC9D4BF9B}.Release|Any CPU.Build.0 = Release|Any CPU
	EndGlobalSection
EndGlobal
